
Microsoft Visual Studio Solution File, Format Version 12.00
# Visual Studio Version 17
VisualStudioVersion = 17.7.34018.315
MinimumVisualStudioVersion = 10.0.40219.1
Project("{FAE04EC0-301F-11D3-BF4B-00C04F79EFBC}") = "Operatorler", "Operatorler\Operatorler.csproj", "{EFD144FB-B0D6-4BD6-A696-AB9AF7E33CEE}"
EndProject
Global
	GlobalSection(SolutionConfigurationPlatforms) = preSolution
		Debug|Any CPU = Debug|Any CPU
		Release|Any CPU = Release|Any CPU
	EndGlobalSection
	GlobalSection(ProjectConfigurationPlatforms) = postSolution
		{EFD144FB-B0D6-4BD6-A696-AB9AF7E33CEE}.Debug|Any CPU.ActiveCfg = Debug|Any CPU
		{EFD144FB-B0D6-4BD6-A696-AB9AF7E33CEE}.Debug|Any CPU.Build.0 = Debug|Any CPU
		{EFD144FB-B0D6-4BD6-A696-AB9AF7E33CEE}.Release|Any CPU.ActiveCfg = Release|Any CPU
		{EFD144FB-B0D6-4BD6-A696-AB9AF7E33CEE}.Release|Any CPU.Build.0 = Release|Any CPU
	EndGlobalSection
	GlobalSection(SolutionProperties) = preSolution
		HideSolutionNode = FALSE
	EndGlobalSection
	GlobalSection(ExtensibilityGlobals) = postSolution
		SolutionGuid = {51834010-57B8-4227-A9A8-439593AA9F00}
	EndGlobalSection
EndGlobal
